{
  "name": "impitreq-verify-local",
  "version": "0.0.0",
  "lockfileVersion": 3,
  "requires": true,
  "packages": {
    "": {
      "name": "impitreq-verify-local",
      "version": "0.0.0",
      "license": "MIT",
      "dependencies": {
        "impitreq": "^0.1.19",
        "koffi": "^2.15.0"
      },
      "devDependencies": {}
    },
    "node_modules/impitreq": {
      "version": "0.1.19",
      "resolved": "https://registry.npmjs.org/impitreq/-/impitreq-0.1.19.tgz",
      "integrity": "sha512-kkWSInZetg/+lmbVxgy/uK57rV8hINc/HeC6WPk3N1vK8eDwaGE7cE9YZtHQUXdby4p4ivIfrL/nRqgTi2ahBA==",
      "license": "MIT"
    },
    "node_modules/koffi": {
      "version": "2.15.0",
      "resolved": "https://registry.npmjs.org/koffi/-/koffi-2.15.0.tgz",
      "integrity": "sha512-174BTuWK7L42Om7nDWy9YOTXj6Dkm14veuFf5yhVS5VU6GjtOI1Wjf+K16Z0JvSuZ3/NpkVzFBjE1oKbthTIEA==",
      "hasInstallScript": true,
      "license": "MIT",
      "funding": {
        "url": "https://buymeacoffee.com/koromix"
      }
    }
  }
}
